
Microsoft Visual Studio Solution File, Format Version 11.00
# Visual Studio 2010
Project("{FAE04EC0-301F-11D3-BF4B-00C04F79EFBC}") = "Creare", "Creare\Creare\Creare.csproj", "{ED7394A5-25A3-45AD-8886-A16BA65508A0}"
EndProject
Project("{96E2B04D-8817-42C6-938A-82C39BA4D311}") = "CreareContent", "Creare\CreareContent\CreareContent.contentproj", "{D746544A-B5A5-475B-8968-61267C71A827}"
EndProject
Global
	GlobalSection(SolutionConfigurationPlatforms) = preSolution
		Debug|x86 = Debug|x86
		Release|x86 = Release|x86
	EndGlobalSection
	GlobalSection(ProjectConfigurationPlatforms) = postSolution
		{ED7394A5-25A3-45AD-8886-A16BA65508A0}.Debug|x86.ActiveCfg = Debug|x86
		{ED7394A5-25A3-45AD-8886-A16BA65508A0}.Debug|x86.Build.0 = Debug|x86
		{ED7394A5-25A3-45AD-8886-A16BA65508A0}.Release|x86.ActiveCfg = Release|x86
		{ED7394A5-25A3-45AD-8886-A16BA65508A0}.Release|x86.Build.0 = Release|x86
		{D746544A-B5A5-475B-8968-61267C71A827}.Debug|x86.ActiveCfg = Debug|x86
		{D746544A-B5A5-475B-8968-61267C71A827}.Release|x86.ActiveCfg = Release|x86
	EndGlobalSection
	GlobalSection(SolutionProperties) = preSolution
		HideSolutionNode = FALSE
	EndGlobalSection
EndGlobal
